
Microsoft Visual Studio Solution File, Format Version 12.00
# Visual Studio Version 17
VisualStudioVersion = 17.1.32414.318
MinimumVisualStudioVersion = 10.0.40219.1
Project("{FAE04EC0-301F-11D3-BF4B-00C04F79EFBC}") = "HoaBinhTools", "HoaBinhTools\HoaBinhTools.csproj", "{24588A66-BC2B-4ACA-AAA0-4B75E1296D26}"
EndProject
Project("{FAE04EC0-301F-11D3-BF4B-00C04F79EFBC}") = "Utils", "Utils\Utils.csproj", "{21834589-FEEB-41D3-8DFB-143DE7F495B5}"
EndProject
Project("{54435603-DBB4-11D2-8724-00A0C9A8B90C}") = "Setup2020", "Setup2020\Setup2020.vdproj", "{F8591DC2-FAF0-4CAC-98C0-B9DF18D7051D}"
EndProject
Project("{54435603-DBB4-11D2-8724-00A0C9A8B90C}") = "Setup2021", "Setup2021\Setup2021.vdproj", "{BC658742-733E-4385-8CDB-24443255DD79}"
EndProject
Project("{54435603-DBB4-11D2-8724-00A0C9A8B90C}") = "Setup2022", "Setup2022\Setup2022.vdproj", "{C4C9FC0F-299A-425C-AA3B-889F726580CF}"
EndProject
Project("{54435603-DBB4-11D2-8724-00A0C9A8B90C}") = "Setup2019", "Setup2019\Setup2019.vdproj", "{2DED54E7-3D2A-4968-9372-C31EB4AEA6E0}"
EndProject
Project("{FAE04EC0-301F-11D3-BF4B-00C04F79EFBC}") = "BeyCons.Core", "BeyCons.Core\BeyCons.Core.csproj", "{7E0F8D6A-6F81-465E-95F4-6B419D013B51}"
EndProject
Global
	GlobalSection(SolutionConfigurationPlatforms) = preSolution
		Debug|Any CPU = Debug|Any CPU
		Debug|x64 = Debug|x64
		Debug|x86 = Debug|x86
		Debug2018|Any CPU = Debug2018|Any CPU
		Debug2018|x64 = Debug2018|x64
		Debug2018|x86 = Debug2018|x86
		Debug2019|Any CPU = Debug2019|Any CPU
		Debug2019|x64 = Debug2019|x64
		Debug2019|x86 = Debug2019|x86
		Release|Any CPU = Release|Any CPU
		Release|x64 = Release|x64
		Release|x86 = Release|x86
	EndGlobalSection
	GlobalSection(ProjectConfigurationPlatforms) = postSolution
		{24588A66-BC2B-4ACA-AAA0-4B75E1296D26}.Debug|Any CPU.ActiveCfg = Debug|Any CPU
		{24588A66-BC2B-4ACA-AAA0-4B75E1296D26}.Debug|Any CPU.Build.0 = Debug|Any CPU
		{24588A66-BC2B-4ACA-AAA0-4B75E1296D26}.Debug|x64.ActiveCfg = Debug|x64
		{24588A66-BC2B-4ACA-AAA0-4B75E1296D26}.Debug|x64.Build.0 = Debug|x64
		{24588A66-BC2B-4ACA-AAA0-4B75E1296D26}.Debug|x86.ActiveCfg = Debug|x86
		{24588A66-BC2B-4ACA-AAA0-4B75E1296D26}.Debug|x86.Build.0 = Debug|x86
		{24588A66-BC2B-4ACA-AAA0-4B75E1296D26}.Debug2018|Any CPU.ActiveCfg = Debug|Any CPU
		{24588A66-BC2B-4ACA-AAA0-4B75E1296D26}.Debug2018|Any CPU.Build.0 = Debug|Any CPU
		{24588A66-BC2B-4ACA-AAA0-4B75E1296D26}.Debug2018|x64.ActiveCfg = Debug|x64
		{24588A66-BC2B-4ACA-AAA0-4B75E1296D26}.Debug2018|x64.Build.0 = Debug|x64
		{24588A66-BC2B-4ACA-AAA0-4B75E1296D26}.Debug2018|x86.ActiveCfg = Debug|x86
		{24588A66-BC2B-4ACA-AAA0-4B75E1296D26}.Debug2018|x86.Build.0 = Debug|x86
		{24588A66-BC2B-4ACA-AAA0-4B75E1296D26}.Debug2019|Any CPU.ActiveCfg = Debug|Any CPU
		{24588A66-BC2B-4ACA-AAA0-4B75E1296D26}.Debug2019|Any CPU.Build.0 = Debug|Any CPU
		{24588A66-BC2B-4ACA-AAA0-4B75E1296D26}.Debug2019|x64.ActiveCfg = Debug|x64
		{24588A66-BC2B-4ACA-AAA0-4B75E1296D26}.Debug2019|x64.Build.0 = Debug|x64
		{24588A66-BC2B-4ACA-AAA0-4B75E1296D26}.Debug2019|x86.ActiveCfg = Debug|x86
		{24588A66-BC2B-4ACA-AAA0-4B75E1296D26}.Debug2019|x86.Build.0 = Debug|x86
		{24588A66-BC2B-4ACA-AAA0-4B75E1296D26}.Release|Any CPU.ActiveCfg = Release|Any CPU
		{24588A66-BC2B-4ACA-AAA0-4B75E1296D26}.Release|Any CPU.Build.0 = Release|Any CPU
		{24588A66-BC2B-4ACA-AAA0-4B75E1296D26}.Release|x64.ActiveCfg = Release|x64
		{24588A66-BC2B-4ACA-AAA0-4B75E1296D26}.Release|x64.Build.0 = Release|x64
		{24588A66-BC2B-4ACA-AAA0-4B75E1296D26}.Release|x86.ActiveCfg = Release|x86
		{24588A66-BC2B-4ACA-AAA0-4B75E1296D26}.Release|x86.Build.0 = Release|x86
		{21834589-FEEB-41D3-8DFB-143DE7F495B5}.Debug|Any CPU.ActiveCfg = Debug|Any CPU
		{21834589-FEEB-41D3-8DFB-143DE7F495B5}.Debug|Any CPU.Build.0 = Debug|Any CPU
		{21834589-FEEB-41D3-8DFB-143DE7F495B5}.Debug|x64.ActiveCfg = Debug|x64
		{21834589-FEEB-41D3-8DFB-143DE7F495B5}.Debug|x64.Build.0 = Debug|x64
		{21834589-FEEB-41D3-8DFB-143DE7F495B5}.Debug|x86.ActiveCfg = Debug|Any CPU
		{21834589-FEEB-41D3-8DFB-143DE7F495B5}.Debug|x86.Build.0 = Debug|Any CPU
		{21834589-FEEB-41D3-8DFB-143DE7F495B5}.Debug2018|Any CPU.ActiveCfg = Debug|Any CPU
		{21834589-FEEB-41D3-8DFB-143DE7F495B5}.Debug2018|Any CPU.Build.0 = Debug|Any CPU
		{21834589-FEEB-41D3-8DFB-143DE7F495B5}.Debug2018|x64.ActiveCfg = Debug|x64
		{21834589-FEEB-41D3-8DFB-143DE7F495B5}.Debug2018|x64.Build.0 = Debug|x64
		{21834589-FEEB-41D3-8DFB-143DE7F495B5}.Debug2018|x86.ActiveCfg = Debug|Any CPU
		{21834589-FEEB-41D3-8DFB-143DE7F495B5}.Debug2018|x86.Build.0 = Debug|Any CPU
		{21834589-FEEB-41D3-8DFB-143DE7F495B5}.Debug2019|Any CPU.ActiveCfg = Debug|Any CPU
		{21834589-FEEB-41D3-8DFB-143DE7F495B5}.Debug2019|Any CPU.Build.0 = Debug|Any CPU
		{21834589-FEEB-41D3-8DFB-143DE7F495B5}.Debug2019|x64.ActiveCfg = Debug|x64
		{21834589-FEEB-41D3-8DFB-143DE7F495B5}.Debug2019|x64.Build.0 = Debug|x64
		{21834589-FEEB-41D3-8DFB-143DE7F495B5}.Debug2019|x86.ActiveCfg = Debug|Any CPU
		{21834589-FEEB-41D3-8DFB-143DE7F495B5}.Debug2019|x86.Build.0 = Debug|Any CPU
		{21834589-FEEB-41D3-8DFB-143DE7F495B5}.Release|Any CPU.ActiveCfg = Release|Any CPU
		{21834589-FEEB-41D3-8DFB-143DE7F495B5}.Release|Any CPU.Build.0 = Release|Any CPU
		{21834589-FEEB-41D3-8DFB-143DE7F495B5}.Release|x64.ActiveCfg = Release|x64
		{21834589-FEEB-41D3-8DFB-143DE7F495B5}.Release|x64.Build.0 = Release|x64
		{21834589-FEEB-41D3-8DFB-143DE7F495B5}.Release|x86.ActiveCfg = Release|Any CPU
		{21834589-FEEB-41D3-8DFB-143DE7F495B5}.Release|x86.Build.0 = Release|Any CPU
		{F8591DC2-FAF0-4CAC-98C0-B9DF18D7051D}.Debug|Any CPU.ActiveCfg = Debug
		{F8591DC2-FAF0-4CAC-98C0-B9DF18D7051D}.Debug|x64.ActiveCfg = Debug
		{F8591DC2-FAF0-4CAC-98C0-B9DF18D7051D}.Debug|x64.Build.0 = Debug
		{F8591DC2-FAF0-4CAC-98C0-B9DF18D7051D}.Debug|x86.ActiveCfg = Debug
		{F8591DC2-FAF0-4CAC-98C0-B9DF18D7051D}.Debug|x86.Build.0 = Debug
		{F8591DC2-FAF0-4CAC-98C0-B9DF18D7051D}.Debug2018|Any CPU.ActiveCfg = Debug
		{F8591DC2-FAF0-4CAC-98C0-B9DF18D7051D}.Debug2018|Any CPU.Build.0 = Debug
		{F8591DC2-FAF0-4CAC-98C0-B9DF18D7051D}.Debug2018|x64.ActiveCfg = Debug
		{F8591DC2-FAF0-4CAC-98C0-B9DF18D7051D}.Debug2018|x64.Build.0 = Debug
		{F8591DC2-FAF0-4CAC-98C0-B9DF18D7051D}.Debug2018|x86.ActiveCfg = Debug
		{F8591DC2-FAF0-4CAC-98C0-B9DF18D7051D}.Debug2018|x86.Build.0 = Debug
		{F8591DC2-FAF0-4CAC-98C0-B9DF18D7051D}.Debug2019|Any CPU.ActiveCfg = Debug
		{F8591DC2-FAF0-4CAC-98C0-B9DF18D7051D}.Debug2019|Any CPU.Build.0 = Debug
		{F8591DC2-FAF0-4CAC-98C0-B9DF18D7051D}.Debug2019|x64.ActiveCfg = Debug
		{F8591DC2-FAF0-4CAC-98C0-B9DF18D7051D}.Debug2019|x64.Build.0 = Debug
		{F8591DC2-FAF0-4CAC-98C0-B9DF18D7051D}.Debug2019|x86.ActiveCfg = Debug
		{F8591DC2-FAF0-4CAC-98C0-B9DF18D7051D}.Debug2019|x86.Build.0 = Debug
		{F8591DC2-FAF0-4CAC-98C0-B9DF18D7051D}.Release|Any CPU.ActiveCfg = Release
		{F8591DC2-FAF0-4CAC-98C0-B9DF18D7051D}.Release|Any CPU.Build.0 = Release
		{F8591DC2-FAF0-4CAC-98C0-B9DF18D7051D}.Release|x64.ActiveCfg = Release
		{F8591DC2-FAF0-4CAC-98C0-B9DF18D7051D}.Release|x64.Build.0 = Release
		{F8591DC2-FAF0-4CAC-98C0-B9DF18D7051D}.Release|x86.ActiveCfg = Release
		{F8591DC2-FAF0-4CAC-98C0-B9DF18D7051D}.Release|x86.Build.0 = Release
		{BC658742-733E-4385-8CDB-24443255DD79}.Debug|Any CPU.ActiveCfg = Debug
		{BC658742-733E-4385-8CDB-24443255DD79}.Debug|x64.ActiveCfg = Debug
		{BC658742-733E-4385-8CDB-24443255DD79}.Debug|x64.Build.0 = Debug
		{BC658742-733E-4385-8CDB-24443255DD79}.Debug|x86.ActiveCfg = Debug
		{BC658742-733E-4385-8CDB-24443255DD79}.Debug|x86.Build.0 = Debug
		{BC658742-733E-4385-8CDB-24443255DD79}.Debug2018|Any CPU.ActiveCfg = Debug
		{BC658742-733E-4385-8CDB-24443255DD79}.Debug2018|Any CPU.Build.0 = Debug
		{BC658742-733E-4385-8CDB-24443255DD79}.Debug2018|x64.ActiveCfg = Debug
		{BC658742-733E-4385-8CDB-24443255DD79}.Debug2018|x64.Build.0 = Debug
		{BC658742-733E-4385-8CDB-24443255DD79}.Debug2018|x86.ActiveCfg = Debug
		{BC658742-733E-4385-8CDB-24443255DD79}.Debug2018|x86.Build.0 = Debug
		{BC658742-733E-4385-8CDB-24443255DD79}.Debug2019|Any CPU.ActiveCfg = Debug
		{BC658742-733E-4385-8CDB-24443255DD79}.Debug2019|Any CPU.Build.0 = Debug
		{BC658742-733E-4385-8CDB-24443255DD79}.Debug2019|x64.ActiveCfg = Debug
		{BC658742-733E-4385-8CDB-24443255DD79}.Debug2019|x64.Build.0 = Debug
		{BC658742-733E-4385-8CDB-24443255DD79}.Debug2019|x86.ActiveCfg = Debug
		{BC658742-733E-4385-8CDB-24443255DD79}.Debug2019|x86.Build.0 = Debug
		{BC658742-733E-4385-8CDB-24443255DD79}.Release|Any CPU.ActiveCfg = Release
		{BC658742-733E-4385-8CDB-24443255DD79}.Release|Any CPU.Build.0 = Release
		{BC658742-733E-4385-8CDB-24443255DD79}.Release|x64.ActiveCfg = Release
		{BC658742-733E-4385-8CDB-24443255DD79}.Release|x64.Build.0 = Release
		{BC658742-733E-4385-8CDB-24443255DD79}.Release|x86.ActiveCfg = Release
		{BC658742-733E-4385-8CDB-24443255DD79}.Release|x86.Build.0 = Release
		{C4C9FC0F-299A-425C-AA3B-889F726580CF}.Debug|Any CPU.ActiveCfg = Debug
		{C4C9FC0F-299A-425C-AA3B-889F726580CF}.Debug|x64.ActiveCfg = Debug
		{C4C9FC0F-299A-425C-AA3B-889F726580CF}.Debug|x64.Build.0 = Debug
		{C4C9FC0F-299A-425C-AA3B-889F726580CF}.Debug|x86.ActiveCfg = Debug
		{C4C9FC0F-299A-425C-AA3B-889F726580CF}.Debug|x86.Build.0 = Debug
		{C4C9FC0F-299A-425C-AA3B-889F726580CF}.Debug2018|Any CPU.ActiveCfg = Debug
		{C4C9FC0F-299A-425C-AA3B-889F726580CF}.Debug2018|Any CPU.Build.0 = Debug
		{C4C9FC0F-299A-425C-AA3B-889F726580CF}.Debug2018|x64.ActiveCfg = Debug
		{C4C9FC0F-299A-425C-AA3B-889F726580CF}.Debug2018|x64.Build.0 = Debug
		{C4C9FC0F-299A-425C-AA3B-889F726580CF}.Debug2018|x86.ActiveCfg = Debug
		{C4C9FC0F-299A-425C-AA3B-889F726580CF}.Debug2018|x86.Build.0 = Debug
		{C4C9FC0F-299A-425C-AA3B-889F726580CF}.Debug2019|Any CPU.ActiveCfg = Debug
		{C4C9FC0F-299A-425C-AA3B-889F726580CF}.Debug2019|Any CPU.Build.0 = Debug
		{C4C9FC0F-299A-425C-AA3B-889F726580CF}.Debug2019|x64.ActiveCfg = Debug
		{C4C9FC0F-299A-425C-AA3B-889F726580CF}.Debug2019|x64.Build.0 = Debug
		{C4C9FC0F-299A-425C-AA3B-889F726580CF}.Debug2019|x86.ActiveCfg = Debug
		{C4C9FC0F-299A-425C-AA3B-889F726580CF}.Debug2019|x86.Build.0 = Debug
		{C4C9FC0F-299A-425C-AA3B-889F726580CF}.Release|Any CPU.ActiveCfg = Release
		{C4C9FC0F-299A-425C-AA3B-889F726580CF}.Release|Any CPU.Build.0 = Release
		{C4C9FC0F-299A-425C-AA3B-889F726580CF}.Release|x64.ActiveCfg = Release
		{C4C9FC0F-299A-425C-AA3B-889F726580CF}.Release|x64.Build.0 = Release
		{C4C9FC0F-299A-425C-AA3B-889F726580CF}.Release|x86.ActiveCfg = Release
		{C4C9FC0F-299A-425C-AA3B-889F726580CF}.Release|x86.Build.0 = Release
		{2DED54E7-3D2A-4968-9372-C31EB4AEA6E0}.Debug|Any CPU.ActiveCfg = Debug
		{2DED54E7-3D2A-4968-9372-C31EB4AEA6E0}.Debug|x64.ActiveCfg = Debug
		{2DED54E7-3D2A-4968-9372-C31EB4AEA6E0}.Debug|x86.ActiveCfg = Debug
		{2DED54E7-3D2A-4968-9372-C31EB4AEA6E0}.Debug|x86.Build.0 = Debug
		{2DED54E7-3D2A-4968-9372-C31EB4AEA6E0}.Debug2018|Any CPU.ActiveCfg = Debug
		{2DED54E7-3D2A-4968-9372-C31EB4AEA6E0}.Debug2018|Any CPU.Build.0 = Debug
		{2DED54E7-3D2A-4968-9372-C31EB4AEA6E0}.Debug2018|x64.ActiveCfg = Debug
		{2DED54E7-3D2A-4968-9372-C31EB4AEA6E0}.Debug2018|x64.Build.0 = Debug
		{2DED54E7-3D2A-4968-9372-C31EB4AEA6E0}.Debug2018|x86.ActiveCfg = Debug
		{2DED54E7-3D2A-4968-9372-C31EB4AEA6E0}.Debug2018|x86.Build.0 = Debug
		{2DED54E7-3D2A-4968-9372-C31EB4AEA6E0}.Debug2019|Any CPU.ActiveCfg = Debug
		{2DED54E7-3D2A-4968-9372-C31EB4AEA6E0}.Debug2019|Any CPU.Build.0 = Debug
		{2DED54E7-3D2A-4968-9372-C31EB4AEA6E0}.Debug2019|x64.ActiveCfg = Debug
		{2DED54E7-3D2A-4968-9372-C31EB4AEA6E0}.Debug2019|x64.Build.0 = Debug
		{2DED54E7-3D2A-4968-9372-C31EB4AEA6E0}.Debug2019|x86.ActiveCfg = Debug
		{2DED54E7-3D2A-4968-9372-C31EB4AEA6E0}.Debug2019|x86.Build.0 = Debug
		{2DED54E7-3D2A-4968-9372-C31EB4AEA6E0}.Release|Any CPU.ActiveCfg = Release
		{2DED54E7-3D2A-4968-9372-C31EB4AEA6E0}.Release|x64.ActiveCfg = Release
		{2DED54E7-3D2A-4968-9372-C31EB4AEA6E0}.Release|x86.ActiveCfg = Release
		{2DED54E7-3D2A-4968-9372-C31EB4AEA6E0}.Release|x86.Build.0 = Release
		{7E0F8D6A-6F81-465E-95F4-6B419D013B51}.Debug|Any CPU.ActiveCfg = Debug|Any CPU
		{7E0F8D6A-6F81-465E-95F4-6B419D013B51}.Debug|Any CPU.Build.0 = Debug|Any CPU
		{7E0F8D6A-6F81-465E-95F4-6B419D013B51}.Debug|x64.ActiveCfg = Debug|x64
		{7E0F8D6A-6F81-465E-95F4-6B419D013B51}.Debug|x64.Build.0 = Debug|x64
		{7E0F8D6A-6F81-465E-95F4-6B419D013B51}.Debug|x86.ActiveCfg = Debug|Any CPU
		{7E0F8D6A-6F81-465E-95F4-6B419D013B51}.Debug|x86.Build.0 = Debug|Any CPU
		{7E0F8D6A-6F81-465E-95F4-6B419D013B51}.Debug2018|Any CPU.ActiveCfg = Debug2018|Any CPU
		{7E0F8D6A-6F81-465E-95F4-6B419D013B51}.Debug2018|Any CPU.Build.0 = Debug2018|Any CPU
		{7E0F8D6A-6F81-465E-95F4-6B419D013B51}.Debug2018|x64.ActiveCfg = Debug2018|x64
		{7E0F8D6A-6F81-465E-95F4-6B419D013B51}.Debug2018|x64.Build.0 = Debug2018|x64
		{7E0F8D6A-6F81-465E-95F4-6B419D013B51}.Debug2018|x86.ActiveCfg = Debug2018|Any CPU
		{7E0F8D6A-6F81-465E-95F4-6B419D013B51}.Debug2018|x86.Build.0 = Debug2018|Any CPU
		{7E0F8D6A-6F81-465E-95F4-6B419D013B51}.Debug2019|Any CPU.ActiveCfg = Debug2019|Any CPU
		{7E0F8D6A-6F81-465E-95F4-6B419D013B51}.Debug2019|Any CPU.Build.0 = Debug2019|Any CPU
		{7E0F8D6A-6F81-465E-95F4-6B419D013B51}.Debug2019|x64.ActiveCfg = Debug2019|x64
		{7E0F8D6A-6F81-465E-95F4-6B419D013B51}.Debug2019|x64.Build.0 = Debug2019|x64
		{7E0F8D6A-6F81-465E-95F4-6B419D013B51}.Debug2019|x86.ActiveCfg = Debug2019|Any CPU
		{7E0F8D6A-6F81-465E-95F4-6B419D013B51}.Debug2019|x86.Build.0 = Debug2019|Any CPU
		{7E0F8D6A-6F81-465E-95F4-6B419D013B51}.Release|Any CPU.ActiveCfg = Release|Any CPU
		{7E0F8D6A-6F81-465E-95F4-6B419D013B51}.Release|Any CPU.Build.0 = Release|Any CPU
		{7E0F8D6A-6F81-465E-95F4-6B419D013B51}.Release|x64.ActiveCfg = Release|x64
		{7E0F8D6A-6F81-465E-95F4-6B419D013B51}.Release|x64.Build.0 = Release|x64
		{7E0F8D6A-6F81-465E-95F4-6B419D013B51}.Release|x86.ActiveCfg = Release|Any CPU
		{7E0F8D6A-6F81-465E-95F4-6B419D013B51}.Release|x86.Build.0 = Release|Any CPU
	EndGlobalSection
	GlobalSection(SolutionProperties) = preSolution
		HideSolutionNode = FALSE
	EndGlobalSection
	GlobalSection(ExtensibilityGlobals) = postSolution
		SolutionGuid = {22E07462-A846-41FA-98E7-FD51E6ADC325}
	EndGlobalSection
EndGlobal
